
Microsoft Visual Studio Solution File, Format Version 12.00
# Visual Studio Version 16
VisualStudioVersion = 16.0.30204.135
MinimumVisualStudioVersion = 10.0.40219.1
Project("{FAE04EC0-301F-11D3-BF4B-00C04F79EFBC}") = "Bookie", "Bookie\Bookie.csproj", "{76543D0A-A486-41FB-96D8-397617909912}"
EndProject
Global
	GlobalSection(SolutionConfigurationPlatforms) = preSolution
		Debug|Any CPU = Debug|Any CPU
		Release|Any CPU = Release|Any CPU
		Testing|Any CPU = Testing|Any CPU
	EndGlobalSection
	GlobalSection(ProjectConfigurationPlatforms) = postSolution
		{76543D0A-A486-41FB-96D8-397617909912}.Debug|Any CPU.ActiveCfg = Debug|Any CPU
		{76543D0A-A486-41FB-96D8-397617909912}.Debug|Any CPU.Build.0 = Debug|Any CPU
		{76543D0A-A486-41FB-96D8-397617909912}.Release|Any CPU.ActiveCfg = Release|Any CPU
		{76543D0A-A486-41FB-96D8-397617909912}.Release|Any CPU.Build.0 = Release|Any CPU
		{76543D0A-A486-41FB-96D8-397617909912}.Testing|Any CPU.ActiveCfg = Testing|Any CPU
		{76543D0A-A486-41FB-96D8-397617909912}.Testing|Any CPU.Build.0 = Testing|Any CPU
	EndGlobalSection
	GlobalSection(SolutionProperties) = preSolution
		HideSolutionNode = FALSE
	EndGlobalSection
	GlobalSection(ExtensibilityGlobals) = postSolution
		SolutionGuid = {26CD9D4D-6D52-4611-890A-B97EA3136F2A}
	EndGlobalSection
EndGlobal
